
Microsoft Visual Studio Solution File, Format Version 12.00
# Visual Studio Version 17
VisualStudioVersion = 17.4.33110.190
MinimumVisualStudioVersion = 10.0.40219.1
Project("{9A19103F-16F7-4668-BE54-9A1E7A4F7556}") = "UserManagerAPI", "UserManagerAPI\UserManagerAPI.csproj", "{BC024A45-880D-4E8A-ACFF-B14B55AC6895}"
EndProject
Project("{2150E333-8FDC-42A3-9474-1A3956D46DE8}") = "Solution Items", "Solution Items", "{6C0B3B53-2D04-42CB-8F01-A29AE0FD24C2}"
	ProjectSection(SolutionItems) = preProject
		.editorconfig = .editorconfig
	EndProjectSection
EndProject
Global
	GlobalSection(SolutionConfigurationPlatforms) = preSolution
		Debug|Any CPU = Debug|Any CPU
		Release|Any CPU = Release|Any CPU
	EndGlobalSection
	GlobalSection(ProjectConfigurationPlatforms) = postSolution
		{BC024A45-880D-4E8A-ACFF-B14B55AC6895}.Debug|Any CPU.ActiveCfg = Debug|Any CPU
		{BC024A45-880D-4E8A-ACFF-B14B55AC6895}.Debug|Any CPU.Build.0 = Debug|Any CPU
		{BC024A45-880D-4E8A-ACFF-B14B55AC6895}.Release|Any CPU.ActiveCfg = Release|Any CPU
		{BC024A45-880D-4E8A-ACFF-B14B55AC6895}.Release|Any CPU.Build.0 = Release|Any CPU
	EndGlobalSection
	GlobalSection(SolutionProperties) = preSolution
		HideSolutionNode = FALSE
	EndGlobalSection
	GlobalSection(ExtensibilityGlobals) = postSolution
		SolutionGuid = {F9395AA8-2FA1-4898-9E3D-2B9ECED39FD4}
	EndGlobalSection
EndGlobal
